// !$*UTF8*$!
{
	archiveVersion = 1;
	classes = {
	};
	objectVersion = 56;
	objects = {

/* Begin PBXBuildFile section */
		C97118A029B1F9DA0098BC2B /* SonnenApp.swift in Sources */ = {isa = PBXBuildFile; fileRef = C971189F29B1F9DA0098BC2B /* SonnenApp.swift */; };
		C97118A229B1F9DA0098BC2B /* ContentView.swift in Sources */ = {isa = PBXBuildFile; fileRef = C97118A129B1F9DA0098BC2B /* ContentView.swift */; };
		C97118A429B1F9DB0098BC2B /* Assets.xcassets in Resources */ = {isa = PBXBuildFile; fileRef = C97118A329B1F9DB0098BC2B /* Assets.xcassets */; };
		C97118A729B1F9DB0098BC2B /* Preview Assets.xcassets in Resources */ = {isa = PBXBuildFile; fileRef = C97118A629B1F9DB0098BC2B /* Preview Assets.xcassets */; };
		C97118AE29B1FC660098BC2B /* Network.swift in Sources */ = {isa = PBXBuildFile; fileRef = C97118AD29B1FC660098BC2B /* Network.swift */; };
		C97118B029B1FC900098BC2B /* User.swift in Sources */ = {isa = PBXBuildFile; fileRef = C97118AF29B1FC900098BC2B /* User.swift */; };
		C97118B229B2058C0098BC2B /* SonnenLiveData.swift in Sources */ = {isa = PBXBuildFile; fileRef = C97118B129B2058C0098BC2B /* SonnenLiveData.swift */; };
		C97118B429B2458B0098BC2B /* LoginView.swift in Sources */ = {isa = PBXBuildFile; fileRef = C97118B329B2458B0098BC2B /* LoginView.swift */; };
		C97118B629B260BE0098BC2B /* LocalStorage.swift in Sources */ = {isa = PBXBuildFile; fileRef = C97118B529B260BE0098BC2B /* LocalStorage.swift */; };
/* End PBXBuildFile section */

/* Begin PBXFileReference section */
		C971189C29B1F9DA0098BC2B /* Sonnen.app */ = {isa = PBXFileReference; explicitFileType = wrapper.application; includeInIndex = 0; path = Sonnen.app; sourceTree = BUILT_PRODUCTS_DIR; };
		C971189F29B1F9DA0098BC2B /* SonnenApp.swift */ = {isa = PBXFileReference; lastKnownFileType = sourcecode.swift; path = SonnenApp.swift; sourceTree = "<group>"; };
		C97118A129B1F9DA0098BC2B /* ContentView.swift */ = {isa = PBXFileReference; lastKnownFileType = sourcecode.swift; path = ContentView.swift; sourceTree = "<group>"; };
		C97118A329B1F9DB0098BC2B /* Assets.xcassets */ = {isa = PBXFileReference; lastKnownFileType = folder.assetcatalog; path = Assets.xcassets; sourceTree = "<group>"; };
		C97118A629B1F9DB0098BC2B /* Preview Assets.xcassets */ = {isa = PBXFileReference; lastKnownFileType = folder.assetcatalog; path = "Preview Assets.xcassets"; sourceTree = "<group>"; };
		C97118AD29B1FC660098BC2B /* Network.swift */ = {isa = PBXFileReference; lastKnownFileType = sourcecode.swift; path = Network.swift; sourceTree = "<group>"; };
		C97118AF29B1FC900098BC2B /* User.swift */ = {isa = PBXFileReference; lastKnownFileType = sourcecode.swift; path = User.swift; sourceTree = "<group>"; };
		C97118B129B2058C0098BC2B /* SonnenLiveData.swift */ = {isa = PBXFileReference; lastKnownFileType = sourcecode.swift; path = SonnenLiveData.swift; sourceTree = "<group>"; };
		C97118B329B2458B0098BC2B /* LoginView.swift */ = {isa = PBXFileReference; lastKnownFileType = sourcecode.swift; path = LoginView.swift; sourceTree = "<group>"; };
		C97118B529B260BE0098BC2B /* LocalStorage.swift */ = {isa = PBXFileReference; lastKnownFileType = sourcecode.swift; path = LocalStorage.swift; sourceTree = "<group>"; };
/* End PBXFileReference section */

/* Begin PBXFrameworksBuildPhase section */
		C971189929B1F9DA0098BC2B /* Frameworks */ = {
			isa = PBXFrameworksBuildPhase;
			buildActionMask = 2147483647;
			files = (
			);
			runOnlyForDeploymentPostprocessing = 0;
		};
/* End PBXFrameworksBuildPhase section */

/* Begin PBXGroup section */
		C971189329B1F9DA0098BC2B = {
			isa = PBXGroup;
			children = (
				C971189E29B1F9DA0098BC2B /* Sonnen */,
				C971189D29B1F9DA0098BC2B /* Products */,
			);
			sourceTree = "<group>";
		};
		C971189D29B1F9DA0098BC2B /* Products */ = {
			isa = PBXGroup;
			children = (
				C971189C29B1F9DA0098BC2B /* Sonnen.app */,
			);
			name = Products;
			sourceTree = "<group>";
		};
		C971189E29B1F9DA0098BC2B /* Sonnen */ = {
			isa = PBXGroup;
			children = (
				C971189F29B1F9DA0098BC2B /* SonnenApp.swift */,
				C97118A129B1F9DA0098BC2B /* ContentView.swift */,
				C97118B329B2458B0098BC2B /* LoginView.swift */,
				C97118B529B260BE0098BC2B /* LocalStorage.swift */,
				C97118A329B1F9DB0098BC2B /* Assets.xcassets */,
				C97118A529B1F9DB0098BC2B /* Preview Content */,
				C97118AD29B1FC660098BC2B /* Network.swift */,
				C97118B129B2058C0098BC2B /* SonnenLiveData.swift */,
				C97118AF29B1FC900098BC2B /* User.swift */,
			);
			path = Sonnen;
			sourceTree = "<group>";
		};
		C97118A529B1F9DB0098BC2B /* Preview Content */ = {
			isa = PBXGroup;
			children = (
				C97118A629B1F9DB0098BC2B /* Preview Assets.xcassets */,
			);
			path = "Preview Content";
			sourceTree = "<group>";
		};
/* End PBXGroup section */

/* Begin PBXNativeTarget section */
		C971189B29B1F9DA0098BC2B /* Sonnen */ = {
			isa = PBXNativeTarget;
			buildConfigurationList = C97118AA29B1F9DB0098BC2B /* Build configuration list for PBXNativeTarget "Sonnen" */;
			buildPhases = (
				C971189829B1F9DA0098BC2B /* Sources */,
				C971189929B1F9DA0098BC2B /* Frameworks */,
				C971189A29B1F9DA0098BC2B /* Resources */,
			);
			buildRules = (
			);
			dependencies = (
			);
			name = Sonnen;
			productName = Sonnen;
			productReference = C971189C29B1F9DA0098BC2B /* Sonnen.app */;
			productType = "com.apple.product-type.application";
		};
/* End PBXNativeTarget section */

/* Begin PBXProject section */
		C971189429B1F9DA0098BC2B /* Project object */ = {
			isa = PBXProject;
			attributes = {
				BuildIndependentTargetsInParallel = 1;
				LastSwiftUpdateCheck = 1420;
				LastUpgradeCheck = 1420;
				TargetAttributes = {
					C971189B29B1F9DA0098BC2B = {
						CreatedOnToolsVersion = 14.2;
					};
				};
			};
			buildConfigurationList = C971189729B1F9DA0098BC2B /* Build configuration list for PBXProject "Sonnen" */;
			compatibilityVersion = "Xcode 14.0";
			developmentRegion = en;
			hasScannedForEncodings = 0;
			knownRegions = (
				en,
				Base,
			);
			mainGroup = C971189329B1F9DA0098BC2B;
			productRefGroup = C971189D29B1F9DA0098BC2B /* Products */;
			projectDirPath = "";
			projectRoot = "";
			targets = (
				C971189B29B1F9DA0098BC2B /* Sonnen */,
			);
		};
/* End PBXProject section */

/* Begin PBXResourcesBuildPhase section */
		C971189A29B1F9DA0098BC2B /* Resources */ = {
			isa = PBXResourcesBuildPhase;
			buildActionMask = 2147483647;
			files = (
				C97118A729B1F9DB0098BC2B /* Preview Assets.xcassets in Resources */,
				C97118A429B1F9DB0098BC2B /* Assets.xcassets in Resources */,
			);
			runOnlyForDeploymentPostprocessing = 0;
		};
/* End PBXResourcesBuildPhase section */

/* Begin PBXSourcesBuildPhase section */
		C971189829B1F9DA0098BC2B /* Sources */ = {
			isa = PBXSourcesBuildPhase;
			buildActionMask = 2147483647;
			files = (
				C97118B429B2458B0098BC2B /* LoginView.swift in Sources */,
				C97118B029B1FC900098BC2B /* User.swift in Sources */,
				C97118B229B2058C0098BC2B /* SonnenLiveData.swift in Sources */,
				C97118A229B1F9DA0098BC2B /* ContentView.swift in Sources */,
				C97118A029B1F9DA0098BC2B /* SonnenApp.swift in Sources */,
				C97118B629B260BE0098BC2B /* LocalStorage.swift in Sources */,
				C97118AE29B1FC660098BC2B /* Network.swift in Sources */,
			);
			runOnlyForDeploymentPostprocessing = 0;
		};
/* End PBXSourcesBuildPhase section */

/* Begin XCBuildConfiguration section */
		C97118A829B1F9DB0098BC2B /* Debug */ = {
			isa = XCBuildConfiguration;
			buildSettings = {
				ALWAYS_SEARCH_USER_PATHS = NO;
				CLANG_ANALYZER_NONNULL = YES;
				CLANG_ANALYZER_NUMBER_OBJECT_CONVERSION = YES_AGGRESSIVE;
				CLANG_CXX_LANGUAGE_STANDARD = "gnu++20";
				CLANG_ENABLE_MODULES = YES;
				CLANG_ENABLE_OBJC_ARC = YES;
				CLANG_ENABLE_OBJC_WEAK = YES;
				CLANG_WARN_BLOCK_CAPTURE_AUTORELEASING = YES;
				CLANG_WARN_BOOL_CONVERSION = YES;
				CLANG_WARN_COMMA = YES;
				CLANG_WARN_CONSTANT_CONVERSION = YES;
				CLANG_WARN_DEPRECATED_OBJC_IMPLEMENTATIONS = YES;
				CLANG_WARN_DIRECT_OBJC_ISA_USAGE = YES_ERROR;
				CLANG_WARN_DOCUMENTATION_COMMENTS = YES;
				CLANG_WARN_EMPTY_BODY = YES;
				CLANG_WARN_ENUM_CONVERSION = YES;
				CLANG_WARN_INFINITE_RECURSION = YES;
				CLANG_WARN_INT_CONVERSION = YES;
				CLANG_WARN_NON_LITERAL_NULL_CONVERSION = YES;
				CLANG_WARN_OBJC_IMPLICIT_RETAIN_SELF = YES;
				CLANG_WARN_OBJC_LITERAL_CONVERSION = YES;
				CLANG_WARN_OBJC_ROOT_CLASS = YES_ERROR;
				CLANG_WARN_QUOTED_INCLUDE_IN_FRAMEWORK_HEADER = YES;
				CLANG_WARN_RANGE_LOOP_ANALYSIS = YES;
				CLANG_WARN_STRICT_PROTOTYPES = YES;
				CLANG_WARN_SUSPICIOUS_MOVE = YES;
				CLANG_WARN_UNGUARDED_AVAILABILITY = YES_AGGRESSIVE;
				CLANG_WARN_UNREACHABLE_CODE = YES;
				CLANG_WARN__DUPLICATE_METHOD_MATCH = YES;
				COPY_PHASE_STRIP = NO;
				DEBUG_INFORMATION_FORMAT = dwarf;
				ENABLE_STRICT_OBJC_MSGSEND = YES;
				ENABLE_TESTABILITY = YES;
				GCC_C_LANGUAGE_STANDARD = gnu11;
				GCC_DYNAMIC_NO_PIC = NO;
				GCC_NO_COMMON_BLOCKS = YES;
				GCC_OPTIMIZATION_LEVEL = 0;
				GCC_PREPROCESSOR_DEFINITIONS = (
					"DEBUG=1",
					"$(inherited)",
				);
				GCC_WARN_64_TO_32_BIT_CONVERSION = YES;
				GCC_WARN_ABOUT_RETURN_TYPE = YES_ERROR;
				GCC_WARN_UNDECLARED_SELECTOR = YES;
				GCC_WARN_UNINITIALIZED_AUTOS = YES_AGGRESSIVE;
				GCC_WARN_UNUSED_FUNCTION = YES;
				GCC_WARN_UNUSED_VARIABLE = YES;
				IPHONEOS_DEPLOYMENT_TARGET = 16.2;
				MTL_ENABLE_DEBUG_INFO = INCLUDE_SOURCE;
				MTL_FAST_MATH = YES;
				ONLY_ACTIVE_ARCH = YES;
				SDKROOT = iphoneos;
				SWIFT_ACTIVE_COMPILATION_CONDITIONS = DEBUG;
				SWIFT_OPTIMIZATION_LEVEL = "-Onone";
			};
			name = Debug;
		};
		C97118A929B1F9DB0098BC2B /* Release */ = {
			isa = XCBuildConfiguration;
			buildSettings = {
				ALWAYS_SEARCH_USER_PATHS = NO;
				CLANG_ANALYZER_NONNULL = YES;
				CLANG_ANALYZER_NUMBER_OBJECT_CONVERSION = YES_AGGRESSIVE;
				CLANG_CXX_LANGUAGE_STANDARD = "gnu++20";
				CLANG_ENABLE_MODULES = YES;
				CLANG_ENABLE_OBJC_ARC = YES;
				CLANG_ENABLE_OBJC_WEAK = YES;
				CLANG_WARN_BLOCK_CAPTURE_AUTORELEASING = YES;
				CLANG_WARN_BOOL_CONVERSION = YES;
				CLANG_WARN_COMMA = YES;
				CLANG_WARN_CONSTANT_CONVERSION = YES;
				CLANG_WARN_DEPRECATED_OBJC_IMPLEMENTATIONS = YES;
				CLANG_WARN_DIRECT_OBJC_ISA_USAGE = YES_ERROR;
				CLANG_WARN_DOCUMENTATION_COMMENTS = YES;
				CLANG_WARN_EMPTY_BODY = YES;
				CLANG_WARN_ENUM_CONVERSION = YES;
				CLANG_WARN_INFINITE_RECURSION = YES;
				CLANG_WARN_INT_CONVERSION = YES;
				CLANG_WARN_NON_LITERAL_NULL_CONVERSION = YES;
				CLANG_WARN_OBJC_IMPLICIT_RETAIN_SELF = YES;
				CLANG_WARN_OBJC_LITERAL_CONVERSION = YES;
				CLANG_WARN_OBJC_ROOT_CLASS = YES_ERROR;
				CLANG_WARN_QUOTED_INCLUDE_IN_FRAMEWORK_HEADER = YES;
				CLANG_WARN_RANGE_LOOP_ANALYSIS = YES;
				CLANG_WARN_STRICT_PROTOTYPES = YES;
				CLANG_WARN_SUSPICIOUS_MOVE = YES;
				CLANG_WARN_UNGUARDED_AVAILABILITY = YES_AGGRESSIVE;
				CLANG_WARN_UNREACHABLE_CODE = YES;
				CLANG_WARN__DUPLICATE_METHOD_MATCH = YES;
				COPY_PHASE_STRIP = NO;
				DEBUG_INFORMATION_FORMAT = "dwarf-with-dsym";
				ENABLE_NS_ASSERTIONS = NO;
				ENABLE_STRICT_OBJC_MSGSEND = YES;
				GCC_C_LANGUAGE_STANDARD = gnu11;
				GCC_NO_COMMON_BLOCKS = YES;
				GCC_WARN_64_TO_32_BIT_CONVERSION = YES;
				GCC_WARN_ABOUT_RETURN_TYPE = YES_ERROR;
				GCC_WARN_UNDECLARED_SELECTOR = YES;
				GCC_WARN_UNINITIALIZED_AUTOS = YES_AGGRESSIVE;
				GCC_WARN_UNUSED_FUNCTION = YES;
				GCC_WARN_UNUSED_VARIABLE = YES;
				IPHONEOS_DEPLOYMENT_TARGET = 16.2;
				MTL_ENABLE_DEBUG_INFO = NO;
				MTL_FAST_MATH = YES;
				SDKROOT = iphoneos;
				SWIFT_COMPILATION_MODE = wholemodule;
				SWIFT_OPTIMIZATION_LEVEL = "-O";
				VALIDATE_PRODUCT = YES;
			};
			name = Release;
		};
		C97118AB29B1F9DB0098BC2B /* Debug */ = {
			isa = XCBuildConfiguration;
			buildSettings = {
				ASSETCATALOG_COMPILER_APPICON_NAME = AppIcon;
				ASSETCATALOG_COMPILER_GLOBAL_ACCENT_COLOR_NAME = AccentColor;
				CODE_SIGN_STYLE = Automatic;
				CURRENT_PROJECT_VERSION = 1;
				DEVELOPMENT_ASSET_PATHS = "\"Sonnen/Preview Content\"";
				DEVELOPMENT_TEAM = 55W7ZG26WP;
				ENABLE_PREVIEWS = YES;
				GENERATE_INFOPLIST_FILE = YES;
				INFOPLIST_KEY_UIApplicationSceneManifest_Generation = YES;
				INFOPLIST_KEY_UIApplicationSupportsIndirectInputEvents = YES;
				INFOPLIST_KEY_UILaunchScreen_Generation = YES;
				INFOPLIST_KEY_UISupportedInterfaceOrientations = UIInterfaceOrientationPortrait;
				INFOPLIST_KEY_UISupportedInterfaceOrientations_iPad = "UIInterfaceOrientationLandscapeLeft UIInterfaceOrientationLandscapeRight UIInterfaceOrientationPortrait UIInterfaceOrientationPortraitUpsideDown";
				IPHONEOS_DEPLOYMENT_TARGET = 16.0;
				LD_RUNPATH_SEARCH_PATHS = (
					"$(inherited)",
					"@executable_path/Frameworks",
				);
				MARKETING_VERSION = 1.0;
				PRODUCT_BUNDLE_IDENTIFIER = com.mobilesoftware.sonnen;
				PRODUCT_NAME = "$(TARGET_NAME)";
				SWIFT_EMIT_LOC_STRINGS = YES;
				SWIFT_VERSION = 5.0;
				TARGETED_DEVICE_FAMILY = "1,2";
			};
			name = Debug;
		};
		C97118AC29B1F9DB0098BC2B /* Release */ = {
			isa = XCBuildConfiguration;
			buildSettings = {
				ASSETCATALOG_COMPILER_APPICON_NAME = AppIcon;
				ASSETCATALOG_COMPILER_GLOBAL_ACCENT_COLOR_NAME = AccentColor;
				CODE_SIGN_STYLE = Automatic;
				CURRENT_PROJECT_VERSION = 1;
				DEVELOPMENT_ASSET_PATHS = "\"Sonnen/Preview Content\"";
				DEVELOPMENT_TEAM = 55W7ZG26WP;
				ENABLE_PREVIEWS = YES;
				GENERATE_INFOPLIST_FILE = YES;
				INFOPLIST_KEY_UIApplicationSceneManifest_Generation = YES;
				INFOPLIST_KEY_UIApplicationSupportsIndirectInputEvents = YES;
				INFOPLIST_KEY_UILaunchScreen_Generation = YES;
				INFOPLIST_KEY_UISupportedInterfaceOrientations = UIInterfaceOrientationPortrait;
				INFOPLIST_KEY_UISupportedInterfaceOrientations_iPad = "UIInterfaceOrientationLandscapeLeft UIInterfaceOrientationLandscapeRight UIInterfaceOrientationPortrait UIInterfaceOrientationPortraitUpsideDown";
				IPHONEOS_DEPLOYMENT_TARGET = 16.0;
				LD_RUNPATH_SEARCH_PATHS = (
					"$(inherited)",
					"@executable_path/Frameworks",
				);
				MARKETING_VERSION = 1.0;
				PRODUCT_BUNDLE_IDENTIFIER = com.mobilesoftware.sonnen;
				PRODUCT_NAME = "$(TARGET_NAME)";
				SWIFT_EMIT_LOC_STRINGS = YES;
				SWIFT_VERSION = 5.0;
				TARGETED_DEVICE_FAMILY = "1,2";
			};
			name = Release;
		};
/* End XCBuildConfiguration section */

/* Begin XCConfigurationList section */
		C971189729B1F9DA0098BC2B /* Build configuration list for PBXProject "Sonnen" */ = {
			isa = XCConfigurationList;
			buildConfigurations = (
				C97118A829B1F9DB0098BC2B /* Debug */,
				C97118A929B1F9DB0098BC2B /* Release */,
			);
			defaultConfigurationIsVisible = 0;
			defaultConfigurationName = Release;
		};
		C97118AA29B1F9DB0098BC2B /* Build configuration list for PBXNativeTarget "Sonnen" */ = {
			isa = XCConfigurationList;
			buildConfigurations = (
				C97118AB29B1F9DB0098BC2B /* Debug */,
				C97118AC29B1F9DB0098BC2B /* Release */,
			);
			defaultConfigurationIsVisible = 0;
			defaultConfigurationName = Release;
		};
/* End XCConfigurationList section */
	};
	rootObject = C971189429B1F9DA0098BC2B /* Project object */;
}
